<Solution>
  <Folder Name="/task0/">
    <Project Path="tyuiu.ermakovse.sprint0.task0.v0/tyuiu.ermakovse.sprint0.task0.v0.csproj" DisplayName="Tyuiu.ErmakovSE.Sprint0.Task0.V0" Id="e1c8e8a9-cdd7-48ad-840b-455088908fac" />
  </Folder>
  <Folder Name="/task1/">
    <Project Path="tyuiu.ermakovse.sprint0.task1.v0/tyuiu.ermakovse.sprint0.task1.v0.csproj" DisplayName="Tyuiu.ErmakovSE.Sprint0.Task1.V0" Id="fc49ee93-9530-4f86-80e5-5c0c25a3bf34" />
  </Folder>
  <Folder Name="/task2/">
    <Project Path="Tyuiu.ErmakovSE.Sprint0.Task2.V0.Lib/Tyuiu.ErmakovSE.Sprint0.Task2.V0.Lib.csproj" Id="694bec59-54c5-4ddd-8650-e6f73409b7fe" />
    <Project Path="Tyuiu.ErmakovSE.Sprint0.Task2.V0.Test/Tyuiu.ErmakovSE.Sprint0.Task2.V0.Test.csproj" Id="21e40035-36ea-43d3-999c-e4e1461555bd" />
    <Project Path="Tyuiu.ErmakovSE.Sprint0.Task2.V0/Tyuiu.ErmakovSE.Sprint0.Task2.V0.csproj" Id="2c8cee5d-6723-44ae-8191-9aef3ff9e315" />
  </Folder>
  <Folder Name="/task3/">
    <Project Path="Tyuiu.ErmakovSE.Sprint0.Task3.V0.Lib/Tyuiu.ErmakovSE.Sprint0.Task3.V0.Lib.csproj" Id="5c6ae228-3369-408c-b3fe-1c40e7a2d80c" />
    <Project Path="Tyuiu.ErmakovSE.Sprint0.Task3.V0.Test/Tyuiu.ErmakovSE.Sprint0.Task3.V0.Test.csproj" Id="8d290412-408f-4dfc-883c-642782648181" />
    <Project Path="Tyuiu.ErmakovSE.Sprint0.Task3.V0/Tyuiu.ErmakovSE.Sprint0.Task3.V0.csproj" Id="fe1e889b-bf7b-40c9-8ede-a52917f0c955" />
  </Folder>
  <Folder Name="/task4/">
    <Project Path="Tyuiu.ErmakovSE.Sprint0.Task4.V0.Lib/Tyuiu.ErmakovSE.Sprint0.Task4.V0.Lib.csproj" Id="97807f6c-a483-4acf-992f-a64591cf86e8" />
    <Project Path="Tyuiu.ErmakovSE.Sprint0.Task4.V0.Test/Tyuiu.ErmakovSE.Sprint0.Task4.V0.Test.csproj" Id="75e66525-090d-42aa-95e4-919af883b22a" />
    <Project Path="Tyuiu.ErmakovSE.Sprint0.Task4.V0/Tyuiu.ErmakovSE.Sprint0.Task4.V0.csproj" Id="fec3e83a-70ed-4b62-979d-17ef89f3d839" />
  </Folder>
  <Folder Name="/task5/">
    <Project Path="Tyuiu.ErmakovSE.Sprint0.Task5.V0.Lib/Tyuiu.ErmakovSE.Sprint0.Task5.V0.Lib.csproj" Id="86ba1d36-0279-4ffd-b50d-ea93d9ce54a9" />
    <Project Path="Tyuiu.ErmakovSE.Sprint0.Task5.V0.Test/Tyuiu.ErmakovSE.Sprint0.Task5.V0.Test.csproj" Id="ad40483c-3d61-4e4c-a195-90e16aadcbb1" />
    <Project Path="Tyuiu.ErmakovSE.Sprint0.Task5.V0/Tyuiu.ErmakovSE.Sprint0.Task5.V0.csproj" Id="63539f07-b423-4aa0-aaf7-5041282ea7c7" />
  </Folder>
  <Folder Name="/task6/">
    <Project Path="Tyuiu.ErmakovSE.Sprint0.Task6.V0.Lib/Tyuiu.ErmakovSE.Sprint0.Task6.V0.Lib.csproj" Id="dc123b21-be47-406f-8841-a12c7d7d1433" />
    <Project Path="Tyuiu.ErmakovSE.Sprint0.Task6.V0.Test/Tyuiu.ErmakovSE.Sprint0.Task6.V0.Test.csproj" Id="e8388d4f-5c1c-4449-a9ac-459860bc96e5" />
    <Project Path="Tyuiu.ErmakovSE.Sprint0.Task6.V0/Tyuiu.ErmakovSE.Sprint0.Task6.V0.csproj" Id="728e725f-dc13-47d0-bf29-86e6de9d20d7" />
  </Folder>
</Solution>
